
Microsoft Visual Studio Solution File, Format Version 12.00
# Visual Studio 15
VisualStudioVersion = 15.0.26730.8
MinimumVisualStudioVersion = 10.0.40219.1
Project("{D954291E-2A0B-460D-934E-DC6B0785DB48}") = "ListaDesejos", "ListaDesejos\ListaDesejos\ListaDesejos.shproj", "{D2BE5400-66B5-4689-9A60-299A15ECA92E}"
EndProject
Project("{FAE04EC0-301F-11D3-BF4B-00C04F79EFBC}") = "ListaDesejos.Android", "ListaDesejos\ListaDesejos.Android\ListaDesejos.Android.csproj", "{B9DAC2AD-0784-44B3-9AEF-A0E81D226EDA}"
EndProject
Project("{FAE04EC0-301F-11D3-BF4B-00C04F79EFBC}") = "ListaDesejos.iOS", "ListaDesejos\ListaDesejos.iOS\ListaDesejos.iOS.csproj", "{AA4423EC-30C8-4042-B2EF-14CCC6CD362C}"
EndProject
Project("{FAE04EC0-301F-11D3-BF4B-00C04F79EFBC}") = "ListaDesejos.UWP", "ListaDesejos\ListaDesejos.UWP\ListaDesejos.UWP.csproj", "{8AC2A171-783E-42C6-995D-B6F119C7528C}"
EndProject
Global
	GlobalSection(SharedMSBuildProjectFiles) = preSolution
		ListaDesejos\ListaDesejos\ListaDesejos.projitems*{8ac2a171-783e-42c6-995d-b6f119c7528c}*SharedItemsImports = 4
		ListaDesejos\ListaDesejos\ListaDesejos.projitems*{aa4423ec-30c8-4042-b2ef-14ccc6cd362c}*SharedItemsImports = 4
		ListaDesejos\ListaDesejos\ListaDesejos.projitems*{b9dac2ad-0784-44b3-9aef-a0e81d226eda}*SharedItemsImports = 4
		ListaDesejos\ListaDesejos\ListaDesejos.projitems*{d2be5400-66b5-4689-9a60-299a15eca92e}*SharedItemsImports = 13
	EndGlobalSection
	GlobalSection(SolutionConfigurationPlatforms) = preSolution
		Ad-Hoc|Any CPU = Ad-Hoc|Any CPU
		Ad-Hoc|ARM = Ad-Hoc|ARM
		Ad-Hoc|iPhone = Ad-Hoc|iPhone
		Ad-Hoc|iPhoneSimulator = Ad-Hoc|iPhoneSimulator
		Ad-Hoc|x64 = Ad-Hoc|x64
		Ad-Hoc|x86 = Ad-Hoc|x86
		AppStore|Any CPU = AppStore|Any CPU
		AppStore|ARM = AppStore|ARM
		AppStore|iPhone = AppStore|iPhone
		AppStore|iPhoneSimulator = AppStore|iPhoneSimulator
		AppStore|x64 = AppStore|x64
		AppStore|x86 = AppStore|x86
		Debug|Any CPU = Debug|Any CPU
		Debug|ARM = Debug|ARM
		Debug|iPhone = Debug|iPhone
		Debug|iPhoneSimulator = Debug|iPhoneSimulator
		Debug|x64 = Debug|x64
		Debug|x86 = Debug|x86
		Release|Any CPU = Release|Any CPU
		Release|ARM = Release|ARM
		Release|iPhone = Release|iPhone
		Release|iPhoneSimulator = Release|iPhoneSimulator
		Release|x64 = Release|x64
		Release|x86 = Release|x86
	EndGlobalSection
	GlobalSection(ProjectConfigurationPlatforms) = postSolution
		{B9DAC2AD-0784-44B3-9AEF-A0E81D226EDA}.Ad-Hoc|Any CPU.ActiveCfg = Release|Any CPU
		{B9DAC2AD-0784-44B3-9AEF-A0E81D226EDA}.Ad-Hoc|Any CPU.Build.0 = Release|Any CPU
		{B9DAC2AD-0784-44B3-9AEF-A0E81D226EDA}.Ad-Hoc|Any CPU.Deploy.0 = Release|Any CPU
		{B9DAC2AD-0784-44B3-9AEF-A0E81D226EDA}.Ad-Hoc|ARM.ActiveCfg = Release|Any CPU
		{B9DAC2AD-0784-44B3-9AEF-A0E81D226EDA}.Ad-Hoc|ARM.Build.0 = Release|Any CPU
		{B9DAC2AD-0784-44B3-9AEF-A0E81D226EDA}.Ad-Hoc|ARM.Deploy.0 = Release|Any CPU
		{B9DAC2AD-0784-44B3-9AEF-A0E81D226EDA}.Ad-Hoc|iPhone.ActiveCfg = Release|Any CPU
		{B9DAC2AD-0784-44B3-9AEF-A0E81D226EDA}.Ad-Hoc|iPhone.Build.0 = Release|Any CPU
		{B9DAC2AD-0784-44B3-9AEF-A0E81D226EDA}.Ad-Hoc|iPhone.Deploy.0 = Release|Any CPU
		{B9DAC2AD-0784-44B3-9AEF-A0E81D226EDA}.Ad-Hoc|iPhoneSimulator.ActiveCfg = Release|Any CPU
		{B9DAC2AD-0784-44B3-9AEF-A0E81D226EDA}.Ad-Hoc|iPhoneSimulator.Build.0 = Release|Any CPU
		{B9DAC2AD-0784-44B3-9AEF-A0E81D226EDA}.Ad-Hoc|iPhoneSimulator.Deploy.0 = Release|Any CPU
		{B9DAC2AD-0784-44B3-9AEF-A0E81D226EDA}.Ad-Hoc|x64.ActiveCfg = Release|Any CPU
		{B9DAC2AD-0784-44B3-9AEF-A0E81D226EDA}.Ad-Hoc|x64.Build.0 = Release|Any CPU
		{B9DAC2AD-0784-44B3-9AEF-A0E81D226EDA}.Ad-Hoc|x64.Deploy.0 = Release|Any CPU
		{B9DAC2AD-0784-44B3-9AEF-A0E81D226EDA}.Ad-Hoc|x86.ActiveCfg = Release|Any CPU
		{B9DAC2AD-0784-44B3-9AEF-A0E81D226EDA}.Ad-Hoc|x86.Build.0 = Release|Any CPU
		{B9DAC2AD-0784-44B3-9AEF-A0E81D226EDA}.Ad-Hoc|x86.Deploy.0 = Release|Any CPU
		{B9DAC2AD-0784-44B3-9AEF-A0E81D226EDA}.AppStore|Any CPU.ActiveCfg = Release|Any CPU
		{B9DAC2AD-0784-44B3-9AEF-A0E81D226EDA}.AppStore|Any CPU.Build.0 = Release|Any CPU
		{B9DAC2AD-0784-44B3-9AEF-A0E81D226EDA}.AppStore|Any CPU.Deploy.0 = Release|Any CPU
		{B9DAC2AD-0784-44B3-9AEF-A0E81D226EDA}.AppStore|ARM.ActiveCfg = Release|Any CPU
		{B9DAC2AD-0784-44B3-9AEF-A0E81D226EDA}.AppStore|ARM.Build.0 = Release|Any CPU
		{B9DAC2AD-0784-44B3-9AEF-A0E81D226EDA}.AppStore|ARM.Deploy.0 = Release|Any CPU
		{B9DAC2AD-0784-44B3-9AEF-A0E81D226EDA}.AppStore|iPhone.ActiveCfg = Release|Any CPU
		{B9DAC2AD-0784-44B3-9AEF-A0E81D226EDA}.AppStore|iPhone.Build.0 = Release|Any CPU
		{B9DAC2AD-0784-44B3-9AEF-A0E81D226EDA}.AppStore|iPhone.Deploy.0 = Release|Any CPU
		{B9DAC2AD-0784-44B3-9AEF-A0E81D226EDA}.AppStore|iPhoneSimulator.ActiveCfg = Release|Any CPU
		{B9DAC2AD-0784-44B3-9AEF-A0E81D226EDA}.AppStore|iPhoneSimulator.Build.0 = Release|Any CPU
		{B9DAC2AD-0784-44B3-9AEF-A0E81D226EDA}.AppStore|iPhoneSimulator.Deploy.0 = Release|Any CPU
		{B9DAC2AD-0784-44B3-9AEF-A0E81D226EDA}.AppStore|x64.ActiveCfg = Release|Any CPU
		{B9DAC2AD-0784-44B3-9AEF-A0E81D226EDA}.AppStore|x64.Build.0 = Release|Any CPU
		{B9DAC2AD-0784-44B3-9AEF-A0E81D226EDA}.AppStore|x64.Deploy.0 = Release|Any CPU
		{B9DAC2AD-0784-44B3-9AEF-A0E81D226EDA}.AppStore|x86.ActiveCfg = Release|Any CPU
		{B9DAC2AD-0784-44B3-9AEF-A0E81D226EDA}.AppStore|x86.Build.0 = Release|Any CPU
		{B9DAC2AD-0784-44B3-9AEF-A0E81D226EDA}.AppStore|x86.Deploy.0 = Release|Any CPU
		{B9DAC2AD-0784-44B3-9AEF-A0E81D226EDA}.Debug|Any CPU.ActiveCfg = Debug|Any CPU
		{B9DAC2AD-0784-44B3-9AEF-A0E81D226EDA}.Debug|Any CPU.Build.0 = Debug|Any CPU
		{B9DAC2AD-0784-44B3-9AEF-A0E81D226EDA}.Debug|Any CPU.Deploy.0 = Debug|Any CPU
		{B9DAC2AD-0784-44B3-9AEF-A0E81D226EDA}.Debug|ARM.ActiveCfg = Debug|Any CPU
		{B9DAC2AD-0784-44B3-9AEF-A0E81D226EDA}.Debug|ARM.Build.0 = Debug|Any CPU
		{B9DAC2AD-0784-44B3-9AEF-A0E81D226EDA}.Debug|ARM.Deploy.0 = Debug|Any CPU
		{B9DAC2AD-0784-44B3-9AEF-A0E81D226EDA}.Debug|iPhone.ActiveCfg = Debug|Any CPU
		{B9DAC2AD-0784-44B3-9AEF-A0E81D226EDA}.Debug|iPhone.Build.0 = Debug|Any CPU
		{B9DAC2AD-0784-44B3-9AEF-A0E81D226EDA}.Debug|iPhone.Deploy.0 = Debug|Any CPU
		{B9DAC2AD-0784-44B3-9AEF-A0E81D226EDA}.Debug|iPhoneSimulator.ActiveCfg = Debug|Any CPU
		{B9DAC2AD-0784-44B3-9AEF-A0E81D226EDA}.Debug|iPhoneSimulator.Build.0 = Debug|Any CPU
		{B9DAC2AD-0784-44B3-9AEF-A0E81D226EDA}.Debug|iPhoneSimulator.Deploy.0 = Debug|Any CPU
		{B9DAC2AD-0784-44B3-9AEF-A0E81D226EDA}.Debug|x64.ActiveCfg = Debug|Any CPU
		{B9DAC2AD-0784-44B3-9AEF-A0E81D226EDA}.Debug|x64.Build.0 = Debug|Any CPU
		{B9DAC2AD-0784-44B3-9AEF-A0E81D226EDA}.Debug|x64.Deploy.0 = Debug|Any CPU
		{B9DAC2AD-0784-44B3-9AEF-A0E81D226EDA}.Debug|x86.ActiveCfg = Debug|Any CPU
		{B9DAC2AD-0784-44B3-9AEF-A0E81D226EDA}.Debug|x86.Build.0 = Debug|Any CPU
		{B9DAC2AD-0784-44B3-9AEF-A0E81D226EDA}.Debug|x86.Deploy.0 = Debug|Any CPU
		{B9DAC2AD-0784-44B3-9AEF-A0E81D226EDA}.Release|Any CPU.ActiveCfg = Release|Any CPU
		{B9DAC2AD-0784-44B3-9AEF-A0E81D226EDA}.Release|Any CPU.Build.0 = Release|Any CPU
		{B9DAC2AD-0784-44B3-9AEF-A0E81D226EDA}.Release|Any CPU.Deploy.0 = Release|Any CPU
		{B9DAC2AD-0784-44B3-9AEF-A0E81D226EDA}.Release|ARM.ActiveCfg = Release|Any CPU
		{B9DAC2AD-0784-44B3-9AEF-A0E81D226EDA}.Release|ARM.Build.0 = Release|Any CPU
		{B9DAC2AD-0784-44B3-9AEF-A0E81D226EDA}.Release|ARM.Deploy.0 = Release|Any CPU
		{B9DAC2AD-0784-44B3-9AEF-A0E81D226EDA}.Release|iPhone.ActiveCfg = Release|Any CPU
		{B9DAC2AD-0784-44B3-9AEF-A0E81D226EDA}.Release|iPhone.Build.0 = Release|Any CPU
		{B9DAC2AD-0784-44B3-9AEF-A0E81D226EDA}.Release|iPhone.Deploy.0 = Release|Any CPU
		{B9DAC2AD-0784-44B3-9AEF-A0E81D226EDA}.Release|iPhoneSimulator.ActiveCfg = Release|Any CPU
		{B9DAC2AD-0784-44B3-9AEF-A0E81D226EDA}.Release|iPhoneSimulator.Build.0 = Release|Any CPU
		{B9DAC2AD-0784-44B3-9AEF-A0E81D226EDA}.Release|iPhoneSimulator.Deploy.0 = Release|Any CPU
		{B9DAC2AD-0784-44B3-9AEF-A0E81D226EDA}.Release|x64.ActiveCfg = Release|Any CPU
		{B9DAC2AD-0784-44B3-9AEF-A0E81D226EDA}.Release|x64.Build.0 = Release|Any CPU
		{B9DAC2AD-0784-44B3-9AEF-A0E81D226EDA}.Release|x64.Deploy.0 = Release|Any CPU
		{B9DAC2AD-0784-44B3-9AEF-A0E81D226EDA}.Release|x86.ActiveCfg = Release|Any CPU
		{B9DAC2AD-0784-44B3-9AEF-A0E81D226EDA}.Release|x86.Build.0 = Release|Any CPU
		{B9DAC2AD-0784-44B3-9AEF-A0E81D226EDA}.Release|x86.Deploy.0 = Release|Any CPU
		{AA4423EC-30C8-4042-B2EF-14CCC6CD362C}.Ad-Hoc|Any CPU.ActiveCfg = Ad-Hoc|iPhone
		{AA4423EC-30C8-4042-B2EF-14CCC6CD362C}.Ad-Hoc|ARM.ActiveCfg = Ad-Hoc|iPhone
		{AA4423EC-30C8-4042-B2EF-14CCC6CD362C}.Ad-Hoc|iPhone.ActiveCfg = Ad-Hoc|iPhone
		{AA4423EC-30C8-4042-B2EF-14CCC6CD362C}.Ad-Hoc|iPhone.Build.0 = Ad-Hoc|iPhone
		{AA4423EC-30C8-4042-B2EF-14CCC6CD362C}.Ad-Hoc|iPhoneSimulator.ActiveCfg = Ad-Hoc|iPhoneSimulator
		{AA4423EC-30C8-4042-B2EF-14CCC6CD362C}.Ad-Hoc|iPhoneSimulator.Build.0 = Ad-Hoc|iPhoneSimulator
		{AA4423EC-30C8-4042-B2EF-14CCC6CD362C}.Ad-Hoc|x64.ActiveCfg = Ad-Hoc|iPhone
		{AA4423EC-30C8-4042-B2EF-14CCC6CD362C}.Ad-Hoc|x86.ActiveCfg = Ad-Hoc|iPhone
		{AA4423EC-30C8-4042-B2EF-14CCC6CD362C}.AppStore|Any CPU.ActiveCfg = AppStore|iPhone
		{AA4423EC-30C8-4042-B2EF-14CCC6CD362C}.AppStore|ARM.ActiveCfg = AppStore|iPhone
		{AA4423EC-30C8-4042-B2EF-14CCC6CD362C}.AppStore|iPhone.ActiveCfg = AppStore|iPhone
		{AA4423EC-30C8-4042-B2EF-14CCC6CD362C}.AppStore|iPhone.Build.0 = AppStore|iPhone
		{AA4423EC-30C8-4042-B2EF-14CCC6CD362C}.AppStore|iPhoneSimulator.ActiveCfg = AppStore|iPhoneSimulator
		{AA4423EC-30C8-4042-B2EF-14CCC6CD362C}.AppStore|iPhoneSimulator.Build.0 = AppStore|iPhoneSimulator
		{AA4423EC-30C8-4042-B2EF-14CCC6CD362C}.AppStore|x64.ActiveCfg = AppStore|iPhone
		{AA4423EC-30C8-4042-B2EF-14CCC6CD362C}.AppStore|x86.ActiveCfg = AppStore|iPhone
		{AA4423EC-30C8-4042-B2EF-14CCC6CD362C}.Debug|Any CPU.ActiveCfg = Debug|iPhone
		{AA4423EC-30C8-4042-B2EF-14CCC6CD362C}.Debug|ARM.ActiveCfg = Debug|iPhone
		{AA4423EC-30C8-4042-B2EF-14CCC6CD362C}.Debug|iPhone.ActiveCfg = Debug|iPhone
		{AA4423EC-30C8-4042-B2EF-14CCC6CD362C}.Debug|iPhone.Build.0 = Debug|iPhone
		{AA4423EC-30C8-4042-B2EF-14CCC6CD362C}.Debug|iPhoneSimulator.ActiveCfg = Debug|iPhoneSimulator
		{AA4423EC-30C8-4042-B2EF-14CCC6CD362C}.Debug|iPhoneSimulator.Build.0 = Debug|iPhoneSimulator
		{AA4423EC-30C8-4042-B2EF-14CCC6CD362C}.Debug|x64.ActiveCfg = Debug|iPhone
		{AA4423EC-30C8-4042-B2EF-14CCC6CD362C}.Debug|x86.ActiveCfg = Debug|iPhone
		{AA4423EC-30C8-4042-B2EF-14CCC6CD362C}.Release|Any CPU.ActiveCfg = Release|iPhone
		{AA4423EC-30C8-4042-B2EF-14CCC6CD362C}.Release|ARM.ActiveCfg = Release|iPhone
		{AA4423EC-30C8-4042-B2EF-14CCC6CD362C}.Release|iPhone.ActiveCfg = Release|iPhone
		{AA4423EC-30C8-4042-B2EF-14CCC6CD362C}.Release|iPhone.Build.0 = Release|iPhone
		{AA4423EC-30C8-4042-B2EF-14CCC6CD362C}.Release|iPhoneSimulator.ActiveCfg = Release|iPhoneSimulator
		{AA4423EC-30C8-4042-B2EF-14CCC6CD362C}.Release|iPhoneSimulator.Build.0 = Release|iPhoneSimulator
		{AA4423EC-30C8-4042-B2EF-14CCC6CD362C}.Release|x64.ActiveCfg = Release|iPhone
		{AA4423EC-30C8-4042-B2EF-14CCC6CD362C}.Release|x86.ActiveCfg = Release|iPhone
		{8AC2A171-783E-42C6-995D-B6F119C7528C}.Ad-Hoc|Any CPU.ActiveCfg = Release|x86
		{8AC2A171-783E-42C6-995D-B6F119C7528C}.Ad-Hoc|Any CPU.Build.0 = Release|x86
		{8AC2A171-783E-42C6-995D-B6F119C7528C}.Ad-Hoc|Any CPU.Deploy.0 = Release|x86
		{8AC2A171-783E-42C6-995D-B6F119C7528C}.Ad-Hoc|ARM.ActiveCfg = Release|ARM
		{8AC2A171-783E-42C6-995D-B6F119C7528C}.Ad-Hoc|ARM.Build.0 = Release|ARM
		{8AC2A171-783E-42C6-995D-B6F119C7528C}.Ad-Hoc|ARM.Deploy.0 = Release|ARM
		{8AC2A171-783E-42C6-995D-B6F119C7528C}.Ad-Hoc|iPhone.ActiveCfg = Release|x86
		{8AC2A171-783E-42C6-995D-B6F119C7528C}.Ad-Hoc|iPhone.Build.0 = Release|x86
		{8AC2A171-783E-42C6-995D-B6F119C7528C}.Ad-Hoc|iPhone.Deploy.0 = Release|x86
		{8AC2A171-783E-42C6-995D-B6F119C7528C}.Ad-Hoc|iPhoneSimulator.ActiveCfg = Release|x86
		{8AC2A171-783E-42C6-995D-B6F119C7528C}.Ad-Hoc|iPhoneSimulator.Build.0 = Release|x86
		{8AC2A171-783E-42C6-995D-B6F119C7528C}.Ad-Hoc|iPhoneSimulator.Deploy.0 = Release|x86
		{8AC2A171-783E-42C6-995D-B6F119C7528C}.Ad-Hoc|x64.ActiveCfg = Release|x64
		{8AC2A171-783E-42C6-995D-B6F119C7528C}.Ad-Hoc|x64.Build.0 = Release|x64
		{8AC2A171-783E-42C6-995D-B6F119C7528C}.Ad-Hoc|x64.Deploy.0 = Release|x64
		{8AC2A171-783E-42C6-995D-B6F119C7528C}.Ad-Hoc|x86.ActiveCfg = Release|x86
		{8AC2A171-783E-42C6-995D-B6F119C7528C}.Ad-Hoc|x86.Build.0 = Release|x86
		{8AC2A171-783E-42C6-995D-B6F119C7528C}.Ad-Hoc|x86.Deploy.0 = Release|x86
		{8AC2A171-783E-42C6-995D-B6F119C7528C}.AppStore|Any CPU.ActiveCfg = Release|x86
		{8AC2A171-783E-42C6-995D-B6F119C7528C}.AppStore|Any CPU.Build.0 = Release|x86
		{8AC2A171-783E-42C6-995D-B6F119C7528C}.AppStore|Any CPU.Deploy.0 = Release|x86
		{8AC2A171-783E-42C6-995D-B6F119C7528C}.AppStore|ARM.ActiveCfg = Release|ARM
		{8AC2A171-783E-42C6-995D-B6F119C7528C}.AppStore|ARM.Build.0 = Release|ARM
		{8AC2A171-783E-42C6-995D-B6F119C7528C}.AppStore|ARM.Deploy.0 = Release|ARM
		{8AC2A171-783E-42C6-995D-B6F119C7528C}.AppStore|iPhone.ActiveCfg = Release|x86
		{8AC2A171-783E-42C6-995D-B6F119C7528C}.AppStore|iPhone.Build.0 = Release|x86
		{8AC2A171-783E-42C6-995D-B6F119C7528C}.AppStore|iPhone.Deploy.0 = Release|x86
		{8AC2A171-783E-42C6-995D-B6F119C7528C}.AppStore|iPhoneSimulator.ActiveCfg = Release|x86
		{8AC2A171-783E-42C6-995D-B6F119C7528C}.AppStore|iPhoneSimulator.Build.0 = Release|x86
		{8AC2A171-783E-42C6-995D-B6F119C7528C}.AppStore|iPhoneSimulator.Deploy.0 = Release|x86
		{8AC2A171-783E-42C6-995D-B6F119C7528C}.AppStore|x64.ActiveCfg = Release|x64
		{8AC2A171-783E-42C6-995D-B6F119C7528C}.AppStore|x64.Build.0 = Release|x64
		{8AC2A171-783E-42C6-995D-B6F119C7528C}.AppStore|x64.Deploy.0 = Release|x64
		{8AC2A171-783E-42C6-995D-B6F119C7528C}.AppStore|x86.ActiveCfg = Release|x86
		{8AC2A171-783E-42C6-995D-B6F119C7528C}.AppStore|x86.Build.0 = Release|x86
		{8AC2A171-783E-42C6-995D-B6F119C7528C}.AppStore|x86.Deploy.0 = Release|x86
		{8AC2A171-783E-42C6-995D-B6F119C7528C}.Debug|Any CPU.ActiveCfg = Debug|x86
		{8AC2A171-783E-42C6-995D-B6F119C7528C}.Debug|ARM.ActiveCfg = Debug|ARM
		{8AC2A171-783E-42C6-995D-B6F119C7528C}.Debug|ARM.Build.0 = Debug|ARM
		{8AC2A171-783E-42C6-995D-B6F119C7528C}.Debug|ARM.Deploy.0 = Debug|ARM
		{8AC2A171-783E-42C6-995D-B6F119C7528C}.Debug|iPhone.ActiveCfg = Debug|x86
		{8AC2A171-783E-42C6-995D-B6F119C7528C}.Debug|iPhoneSimulator.ActiveCfg = Debug|x86
		{8AC2A171-783E-42C6-995D-B6F119C7528C}.Debug|x64.ActiveCfg = Debug|x64
		{8AC2A171-783E-42C6-995D-B6F119C7528C}.Debug|x64.Build.0 = Debug|x64
		{8AC2A171-783E-42C6-995D-B6F119C7528C}.Debug|x64.Deploy.0 = Debug|x64
		{8AC2A171-783E-42C6-995D-B6F119C7528C}.Debug|x86.ActiveCfg = Debug|x86
		{8AC2A171-783E-42C6-995D-B6F119C7528C}.Debug|x86.Build.0 = Debug|x86
		{8AC2A171-783E-42C6-995D-B6F119C7528C}.Debug|x86.Deploy.0 = Debug|x86
		{8AC2A171-783E-42C6-995D-B6F119C7528C}.Release|Any CPU.ActiveCfg = Release|x86
		{8AC2A171-783E-42C6-995D-B6F119C7528C}.Release|ARM.ActiveCfg = Release|ARM
		{8AC2A171-783E-42C6-995D-B6F119C7528C}.Release|ARM.Build.0 = Release|ARM
		{8AC2A171-783E-42C6-995D-B6F119C7528C}.Release|ARM.Deploy.0 = Release|ARM
		{8AC2A171-783E-42C6-995D-B6F119C7528C}.Release|iPhone.ActiveCfg = Release|x86
		{8AC2A171-783E-42C6-995D-B6F119C7528C}.Release|iPhoneSimulator.ActiveCfg = Release|x86
		{8AC2A171-783E-42C6-995D-B6F119C7528C}.Release|x64.ActiveCfg = Release|x64
		{8AC2A171-783E-42C6-995D-B6F119C7528C}.Release|x64.Build.0 = Release|x64
		{8AC2A171-783E-42C6-995D-B6F119C7528C}.Release|x64.Deploy.0 = Release|x64
		{8AC2A171-783E-42C6-995D-B6F119C7528C}.Release|x86.ActiveCfg = Release|x86
		{8AC2A171-783E-42C6-995D-B6F119C7528C}.Release|x86.Build.0 = Release|x86
		{8AC2A171-783E-42C6-995D-B6F119C7528C}.Release|x86.Deploy.0 = Release|x86
	EndGlobalSection
	GlobalSection(SolutionProperties) = preSolution
		HideSolutionNode = FALSE
	EndGlobalSection
	GlobalSection(ExtensibilityGlobals) = postSolution
		SolutionGuid = {49A3D08B-D6AC-42F9-B6C6-508C10740A08}
	EndGlobalSection
EndGlobal
